
Microsoft Visual Studio Solution File, Format Version 12.00
# Visual Studio Version 17
VisualStudioVersion = 17.11.35312.102
MinimumVisualStudioVersion = 10.0.40219.1
Project("{FAE04EC0-301F-11D3-BF4B-00C04F79EFBC}") = "ASA", "ASA.csproj", "{93D6CFAA-4D6E-4CD3-BC43-AD24684C69AD}"
EndProject
Global
	GlobalSection(SolutionConfigurationPlatforms) = preSolution
		Debug|Any CPU = Debug|Any CPU
		Release|Any CPU = Release|Any CPU
	EndGlobalSection
	GlobalSection(ProjectConfigurationPlatforms) = postSolution
		{93D6CFAA-4D6E-4CD3-BC43-AD24684C69AD}.Debug|Any CPU.ActiveCfg = Debug|Any CPU
		{93D6CFAA-4D6E-4CD3-BC43-AD24684C69AD}.Debug|Any CPU.Build.0 = Debug|Any CPU
		{93D6CFAA-4D6E-4CD3-BC43-AD24684C69AD}.Release|Any CPU.ActiveCfg = Release|Any CPU
		{93D6CFAA-4D6E-4CD3-BC43-AD24684C69AD}.Release|Any CPU.Build.0 = Release|Any CPU
	EndGlobalSection
	GlobalSection(SolutionProperties) = preSolution
		HideSolutionNode = FALSE
	EndGlobalSection
	GlobalSection(ExtensibilityGlobals) = postSolution
		SolutionGuid = {28EE1A13-492F-4540-8452-9FEE1AE5FE09}
	EndGlobalSection
EndGlobal
